
Microsoft Visual Studio Solution File, Format Version 12.00
# Visual Studio 14
VisualStudioVersion = 14.0.25420.1
MinimumVisualStudioVersion = 10.0.40219.1
Project("{FAE04EC0-301F-11D3-BF4B-00C04F79EFBC}") = "FabrikamFood", "FabrikamFood\FabrikamFood\FabrikamFood.csproj", "{51E347F5-843F-4BB2-8458-2A6EA5017A0D}"
EndProject
Project("{FAE04EC0-301F-11D3-BF4B-00C04F79EFBC}") = "FabrikamFood.Droid", "FabrikamFood\FabrikamFood.Droid\FabrikamFood.Droid.csproj", "{642C6FE4-5338-4C3B-8E77-65FC58B2B7CE}"
EndProject
Project("{FAE04EC0-301F-11D3-BF4B-00C04F79EFBC}") = "FabrikamFood.iOS", "FabrikamFood\FabrikamFood.iOS\FabrikamFood.iOS.csproj", "{457F0D8E-2FFD-4C83-8C1D-0CCCC30263F6}"
EndProject
Project("{FAE04EC0-301F-11D3-BF4B-00C04F79EFBC}") = "FabrikamFood.WinPhone", "FabrikamFood\FabrikamFood.WinPhone\FabrikamFood.WinPhone.csproj", "{892BAD93-9C32-4F32-AE4B-3717B3BD22FD}"
EndProject
Project("{FAE04EC0-301F-11D3-BF4B-00C04F79EFBC}") = "FabrikamFood.Windows", "FabrikamFood\FabrikamFood.Windows\FabrikamFood.Windows.csproj", "{A4AF803E-0BE6-4DEA-910D-1260441BBBF6}"
EndProject
Global
	GlobalSection(SolutionConfigurationPlatforms) = preSolution
		Ad-Hoc|Any CPU = Ad-Hoc|Any CPU
		Ad-Hoc|ARM = Ad-Hoc|ARM
		Ad-Hoc|iPhone = Ad-Hoc|iPhone
		Ad-Hoc|iPhoneSimulator = Ad-Hoc|iPhoneSimulator
		Ad-Hoc|x64 = Ad-Hoc|x64
		Ad-Hoc|x86 = Ad-Hoc|x86
		AppStore|Any CPU = AppStore|Any CPU
		AppStore|ARM = AppStore|ARM
		AppStore|iPhone = AppStore|iPhone
		AppStore|iPhoneSimulator = AppStore|iPhoneSimulator
		AppStore|x64 = AppStore|x64
		AppStore|x86 = AppStore|x86
		Debug|Any CPU = Debug|Any CPU
		Debug|ARM = Debug|ARM
		Debug|iPhone = Debug|iPhone
		Debug|iPhoneSimulator = Debug|iPhoneSimulator
		Debug|x64 = Debug|x64
		Debug|x86 = Debug|x86
		Release|Any CPU = Release|Any CPU
		Release|ARM = Release|ARM
		Release|iPhone = Release|iPhone
		Release|iPhoneSimulator = Release|iPhoneSimulator
		Release|x64 = Release|x64
		Release|x86 = Release|x86
	EndGlobalSection
	GlobalSection(ProjectConfigurationPlatforms) = postSolution
		{51E347F5-843F-4BB2-8458-2A6EA5017A0D}.Ad-Hoc|Any CPU.ActiveCfg = Release|Any CPU
		{51E347F5-843F-4BB2-8458-2A6EA5017A0D}.Ad-Hoc|Any CPU.Build.0 = Release|Any CPU
		{51E347F5-843F-4BB2-8458-2A6EA5017A0D}.Ad-Hoc|ARM.ActiveCfg = Release|Any CPU
		{51E347F5-843F-4BB2-8458-2A6EA5017A0D}.Ad-Hoc|ARM.Build.0 = Release|Any CPU
		{51E347F5-843F-4BB2-8458-2A6EA5017A0D}.Ad-Hoc|iPhone.ActiveCfg = Release|Any CPU
		{51E347F5-843F-4BB2-8458-2A6EA5017A0D}.Ad-Hoc|iPhone.Build.0 = Release|Any CPU
		{51E347F5-843F-4BB2-8458-2A6EA5017A0D}.Ad-Hoc|iPhoneSimulator.ActiveCfg = Release|Any CPU
		{51E347F5-843F-4BB2-8458-2A6EA5017A0D}.Ad-Hoc|iPhoneSimulator.Build.0 = Release|Any CPU
		{51E347F5-843F-4BB2-8458-2A6EA5017A0D}.Ad-Hoc|x64.ActiveCfg = Release|Any CPU
		{51E347F5-843F-4BB2-8458-2A6EA5017A0D}.Ad-Hoc|x64.Build.0 = Release|Any CPU
		{51E347F5-843F-4BB2-8458-2A6EA5017A0D}.Ad-Hoc|x86.ActiveCfg = Release|Any CPU
		{51E347F5-843F-4BB2-8458-2A6EA5017A0D}.Ad-Hoc|x86.Build.0 = Release|Any CPU
		{51E347F5-843F-4BB2-8458-2A6EA5017A0D}.AppStore|Any CPU.ActiveCfg = Release|Any CPU
		{51E347F5-843F-4BB2-8458-2A6EA5017A0D}.AppStore|Any CPU.Build.0 = Release|Any CPU
		{51E347F5-843F-4BB2-8458-2A6EA5017A0D}.AppStore|ARM.ActiveCfg = Release|Any CPU
		{51E347F5-843F-4BB2-8458-2A6EA5017A0D}.AppStore|ARM.Build.0 = Release|Any CPU
		{51E347F5-843F-4BB2-8458-2A6EA5017A0D}.AppStore|iPhone.ActiveCfg = Release|Any CPU
		{51E347F5-843F-4BB2-8458-2A6EA5017A0D}.AppStore|iPhone.Build.0 = Release|Any CPU
		{51E347F5-843F-4BB2-8458-2A6EA5017A0D}.AppStore|iPhoneSimulator.ActiveCfg = Release|Any CPU
		{51E347F5-843F-4BB2-8458-2A6EA5017A0D}.AppStore|iPhoneSimulator.Build.0 = Release|Any CPU
		{51E347F5-843F-4BB2-8458-2A6EA5017A0D}.AppStore|x64.ActiveCfg = Release|Any CPU
		{51E347F5-843F-4BB2-8458-2A6EA5017A0D}.AppStore|x64.Build.0 = Release|Any CPU
		{51E347F5-843F-4BB2-8458-2A6EA5017A0D}.AppStore|x86.ActiveCfg = Release|Any CPU
		{51E347F5-843F-4BB2-8458-2A6EA5017A0D}.AppStore|x86.Build.0 = Release|Any CPU
		{51E347F5-843F-4BB2-8458-2A6EA5017A0D}.Debug|Any CPU.ActiveCfg = Debug|Any CPU
		{51E347F5-843F-4BB2-8458-2A6EA5017A0D}.Debug|Any CPU.Build.0 = Debug|Any CPU
		{51E347F5-843F-4BB2-8458-2A6EA5017A0D}.Debug|ARM.ActiveCfg = Debug|Any CPU
		{51E347F5-843F-4BB2-8458-2A6EA5017A0D}.Debug|ARM.Build.0 = Debug|Any CPU
		{51E347F5-843F-4BB2-8458-2A6EA5017A0D}.Debug|iPhone.ActiveCfg = Debug|Any CPU
		{51E347F5-843F-4BB2-8458-2A6EA5017A0D}.Debug|iPhone.Build.0 = Debug|Any CPU
		{51E347F5-843F-4BB2-8458-2A6EA5017A0D}.Debug|iPhoneSimulator.ActiveCfg = Debug|Any CPU
		{51E347F5-843F-4BB2-8458-2A6EA5017A0D}.Debug|iPhoneSimulator.Build.0 = Debug|Any CPU
		{51E347F5-843F-4BB2-8458-2A6EA5017A0D}.Debug|x64.ActiveCfg = Debug|Any CPU
		{51E347F5-843F-4BB2-8458-2A6EA5017A0D}.Debug|x64.Build.0 = Debug|Any CPU
		{51E347F5-843F-4BB2-8458-2A6EA5017A0D}.Debug|x86.ActiveCfg = Debug|Any CPU
		{51E347F5-843F-4BB2-8458-2A6EA5017A0D}.Debug|x86.Build.0 = Debug|Any CPU
		{51E347F5-843F-4BB2-8458-2A6EA5017A0D}.Release|Any CPU.ActiveCfg = Release|Any CPU
		{51E347F5-843F-4BB2-8458-2A6EA5017A0D}.Release|Any CPU.Build.0 = Release|Any CPU
		{51E347F5-843F-4BB2-8458-2A6EA5017A0D}.Release|ARM.ActiveCfg = Release|Any CPU
		{51E347F5-843F-4BB2-8458-2A6EA5017A0D}.Release|ARM.Build.0 = Release|Any CPU
		{51E347F5-843F-4BB2-8458-2A6EA5017A0D}.Release|iPhone.ActiveCfg = Release|Any CPU
		{51E347F5-843F-4BB2-8458-2A6EA5017A0D}.Release|iPhone.Build.0 = Release|Any CPU
		{51E347F5-843F-4BB2-8458-2A6EA5017A0D}.Release|iPhoneSimulator.ActiveCfg = Release|Any CPU
		{51E347F5-843F-4BB2-8458-2A6EA5017A0D}.Release|iPhoneSimulator.Build.0 = Release|Any CPU
		{51E347F5-843F-4BB2-8458-2A6EA5017A0D}.Release|x64.ActiveCfg = Release|Any CPU
		{51E347F5-843F-4BB2-8458-2A6EA5017A0D}.Release|x64.Build.0 = Release|Any CPU
		{51E347F5-843F-4BB2-8458-2A6EA5017A0D}.Release|x86.ActiveCfg = Release|Any CPU
		{51E347F5-843F-4BB2-8458-2A6EA5017A0D}.Release|x86.Build.0 = Release|Any CPU
		{642C6FE4-5338-4C3B-8E77-65FC58B2B7CE}.Ad-Hoc|Any CPU.ActiveCfg = Release|Any CPU
		{642C6FE4-5338-4C3B-8E77-65FC58B2B7CE}.Ad-Hoc|Any CPU.Build.0 = Release|Any CPU
		{642C6FE4-5338-4C3B-8E77-65FC58B2B7CE}.Ad-Hoc|Any CPU.Deploy.0 = Release|Any CPU
		{642C6FE4-5338-4C3B-8E77-65FC58B2B7CE}.Ad-Hoc|ARM.ActiveCfg = Release|Any CPU
		{642C6FE4-5338-4C3B-8E77-65FC58B2B7CE}.Ad-Hoc|ARM.Build.0 = Release|Any CPU
		{642C6FE4-5338-4C3B-8E77-65FC58B2B7CE}.Ad-Hoc|ARM.Deploy.0 = Release|Any CPU
		{642C6FE4-5338-4C3B-8E77-65FC58B2B7CE}.Ad-Hoc|iPhone.ActiveCfg = Release|Any CPU
		{642C6FE4-5338-4C3B-8E77-65FC58B2B7CE}.Ad-Hoc|iPhone.Build.0 = Release|Any CPU
		{642C6FE4-5338-4C3B-8E77-65FC58B2B7CE}.Ad-Hoc|iPhone.Deploy.0 = Release|Any CPU
		{642C6FE4-5338-4C3B-8E77-65FC58B2B7CE}.Ad-Hoc|iPhoneSimulator.ActiveCfg = Release|Any CPU
		{642C6FE4-5338-4C3B-8E77-65FC58B2B7CE}.Ad-Hoc|iPhoneSimulator.Build.0 = Release|Any CPU
		{642C6FE4-5338-4C3B-8E77-65FC58B2B7CE}.Ad-Hoc|iPhoneSimulator.Deploy.0 = Release|Any CPU
		{642C6FE4-5338-4C3B-8E77-65FC58B2B7CE}.Ad-Hoc|x64.ActiveCfg = Release|Any CPU
		{642C6FE4-5338-4C3B-8E77-65FC58B2B7CE}.Ad-Hoc|x64.Build.0 = Release|Any CPU
		{642C6FE4-5338-4C3B-8E77-65FC58B2B7CE}.Ad-Hoc|x64.Deploy.0 = Release|Any CPU
		{642C6FE4-5338-4C3B-8E77-65FC58B2B7CE}.Ad-Hoc|x86.ActiveCfg = Release|Any CPU
		{642C6FE4-5338-4C3B-8E77-65FC58B2B7CE}.Ad-Hoc|x86.Build.0 = Release|Any CPU
		{642C6FE4-5338-4C3B-8E77-65FC58B2B7CE}.Ad-Hoc|x86.Deploy.0 = Release|Any CPU
		{642C6FE4-5338-4C3B-8E77-65FC58B2B7CE}.AppStore|Any CPU.ActiveCfg = Release|Any CPU
		{642C6FE4-5338-4C3B-8E77-65FC58B2B7CE}.AppStore|Any CPU.Build.0 = Release|Any CPU
		{642C6FE4-5338-4C3B-8E77-65FC58B2B7CE}.AppStore|Any CPU.Deploy.0 = Release|Any CPU
		{642C6FE4-5338-4C3B-8E77-65FC58B2B7CE}.AppStore|ARM.ActiveCfg = Release|Any CPU
		{642C6FE4-5338-4C3B-8E77-65FC58B2B7CE}.AppStore|ARM.Build.0 = Release|Any CPU
		{642C6FE4-5338-4C3B-8E77-65FC58B2B7CE}.AppStore|ARM.Deploy.0 = Release|Any CPU
		{642C6FE4-5338-4C3B-8E77-65FC58B2B7CE}.AppStore|iPhone.ActiveCfg = Release|Any CPU
		{642C6FE4-5338-4C3B-8E77-65FC58B2B7CE}.AppStore|iPhone.Build.0 = Release|Any CPU
		{642C6FE4-5338-4C3B-8E77-65FC58B2B7CE}.AppStore|iPhone.Deploy.0 = Release|Any CPU
		{642C6FE4-5338-4C3B-8E77-65FC58B2B7CE}.AppStore|iPhoneSimulator.ActiveCfg = Release|Any CPU
		{642C6FE4-5338-4C3B-8E77-65FC58B2B7CE}.AppStore|iPhoneSimulator.Build.0 = Release|Any CPU
		{642C6FE4-5338-4C3B-8E77-65FC58B2B7CE}.AppStore|iPhoneSimulator.Deploy.0 = Release|Any CPU
		{642C6FE4-5338-4C3B-8E77-65FC58B2B7CE}.AppStore|x64.ActiveCfg = Release|Any CPU
		{642C6FE4-5338-4C3B-8E77-65FC58B2B7CE}.AppStore|x64.Build.0 = Release|Any CPU
		{642C6FE4-5338-4C3B-8E77-65FC58B2B7CE}.AppStore|x64.Deploy.0 = Release|Any CPU
		{642C6FE4-5338-4C3B-8E77-65FC58B2B7CE}.AppStore|x86.ActiveCfg = Release|Any CPU
		{642C6FE4-5338-4C3B-8E77-65FC58B2B7CE}.AppStore|x86.Build.0 = Release|Any CPU
		{642C6FE4-5338-4C3B-8E77-65FC58B2B7CE}.AppStore|x86.Deploy.0 = Release|Any CPU
		{642C6FE4-5338-4C3B-8E77-65FC58B2B7CE}.Debug|Any CPU.ActiveCfg = Debug|Any CPU
		{642C6FE4-5338-4C3B-8E77-65FC58B2B7CE}.Debug|Any CPU.Build.0 = Debug|Any CPU
		{642C6FE4-5338-4C3B-8E77-65FC58B2B7CE}.Debug|Any CPU.Deploy.0 = Debug|Any CPU
		{642C6FE4-5338-4C3B-8E77-65FC58B2B7CE}.Debug|ARM.ActiveCfg = Debug|Any CPU
		{642C6FE4-5338-4C3B-8E77-65FC58B2B7CE}.Debug|ARM.Build.0 = Debug|Any CPU
		{642C6FE4-5338-4C3B-8E77-65FC58B2B7CE}.Debug|ARM.Deploy.0 = Debug|Any CPU
		{642C6FE4-5338-4C3B-8E77-65FC58B2B7CE}.Debug|iPhone.ActiveCfg = Debug|Any CPU
		{642C6FE4-5338-4C3B-8E77-65FC58B2B7CE}.Debug|iPhone.Build.0 = Debug|Any CPU
		{642C6FE4-5338-4C3B-8E77-65FC58B2B7CE}.Debug|iPhone.Deploy.0 = Debug|Any CPU
		{642C6FE4-5338-4C3B-8E77-65FC58B2B7CE}.Debug|iPhoneSimulator.ActiveCfg = Debug|Any CPU
		{642C6FE4-5338-4C3B-8E77-65FC58B2B7CE}.Debug|iPhoneSimulator.Build.0 = Debug|Any CPU
		{642C6FE4-5338-4C3B-8E77-65FC58B2B7CE}.Debug|iPhoneSimulator.Deploy.0 = Debug|Any CPU
		{642C6FE4-5338-4C3B-8E77-65FC58B2B7CE}.Debug|x64.ActiveCfg = Debug|Any CPU
		{642C6FE4-5338-4C3B-8E77-65FC58B2B7CE}.Debug|x64.Build.0 = Debug|Any CPU
		{642C6FE4-5338-4C3B-8E77-65FC58B2B7CE}.Debug|x64.Deploy.0 = Debug|Any CPU
		{642C6FE4-5338-4C3B-8E77-65FC58B2B7CE}.Debug|x86.ActiveCfg = Debug|Any CPU
		{642C6FE4-5338-4C3B-8E77-65FC58B2B7CE}.Debug|x86.Build.0 = Debug|Any CPU
		{642C6FE4-5338-4C3B-8E77-65FC58B2B7CE}.Debug|x86.Deploy.0 = Debug|Any CPU
		{642C6FE4-5338-4C3B-8E77-65FC58B2B7CE}.Release|Any CPU.ActiveCfg = Release|Any CPU
		{642C6FE4-5338-4C3B-8E77-65FC58B2B7CE}.Release|Any CPU.Build.0 = Release|Any CPU
		{642C6FE4-5338-4C3B-8E77-65FC58B2B7CE}.Release|Any CPU.Deploy.0 = Release|Any CPU
		{642C6FE4-5338-4C3B-8E77-65FC58B2B7CE}.Release|ARM.ActiveCfg = Release|Any CPU
		{642C6FE4-5338-4C3B-8E77-65FC58B2B7CE}.Release|ARM.Build.0 = Release|Any CPU
		{642C6FE4-5338-4C3B-8E77-65FC58B2B7CE}.Release|ARM.Deploy.0 = Release|Any CPU
		{642C6FE4-5338-4C3B-8E77-65FC58B2B7CE}.Release|iPhone.ActiveCfg = Release|Any CPU
		{642C6FE4-5338-4C3B-8E77-65FC58B2B7CE}.Release|iPhone.Build.0 = Release|Any CPU
		{642C6FE4-5338-4C3B-8E77-65FC58B2B7CE}.Release|iPhone.Deploy.0 = Release|Any CPU
		{642C6FE4-5338-4C3B-8E77-65FC58B2B7CE}.Release|iPhoneSimulator.ActiveCfg = Release|Any CPU
		{642C6FE4-5338-4C3B-8E77-65FC58B2B7CE}.Release|iPhoneSimulator.Build.0 = Release|Any CPU
		{642C6FE4-5338-4C3B-8E77-65FC58B2B7CE}.Release|iPhoneSimulator.Deploy.0 = Release|Any CPU
		{642C6FE4-5338-4C3B-8E77-65FC58B2B7CE}.Release|x64.ActiveCfg = Release|Any CPU
		{642C6FE4-5338-4C3B-8E77-65FC58B2B7CE}.Release|x64.Build.0 = Release|Any CPU
		{642C6FE4-5338-4C3B-8E77-65FC58B2B7CE}.Release|x64.Deploy.0 = Release|Any CPU
		{642C6FE4-5338-4C3B-8E77-65FC58B2B7CE}.Release|x86.ActiveCfg = Release|Any CPU
		{642C6FE4-5338-4C3B-8E77-65FC58B2B7CE}.Release|x86.Build.0 = Release|Any CPU
		{642C6FE4-5338-4C3B-8E77-65FC58B2B7CE}.Release|x86.Deploy.0 = Release|Any CPU
		{457F0D8E-2FFD-4C83-8C1D-0CCCC30263F6}.Ad-Hoc|Any CPU.ActiveCfg = Ad-Hoc|iPhone
		{457F0D8E-2FFD-4C83-8C1D-0CCCC30263F6}.Ad-Hoc|ARM.ActiveCfg = Ad-Hoc|iPhone
		{457F0D8E-2FFD-4C83-8C1D-0CCCC30263F6}.Ad-Hoc|iPhone.ActiveCfg = Ad-Hoc|iPhone
		{457F0D8E-2FFD-4C83-8C1D-0CCCC30263F6}.Ad-Hoc|iPhone.Build.0 = Ad-Hoc|iPhone
		{457F0D8E-2FFD-4C83-8C1D-0CCCC30263F6}.Ad-Hoc|iPhoneSimulator.ActiveCfg = Ad-Hoc|iPhoneSimulator
		{457F0D8E-2FFD-4C83-8C1D-0CCCC30263F6}.Ad-Hoc|iPhoneSimulator.Build.0 = Ad-Hoc|iPhoneSimulator
		{457F0D8E-2FFD-4C83-8C1D-0CCCC30263F6}.Ad-Hoc|x64.ActiveCfg = Ad-Hoc|iPhone
		{457F0D8E-2FFD-4C83-8C1D-0CCCC30263F6}.Ad-Hoc|x86.ActiveCfg = Ad-Hoc|iPhone
		{457F0D8E-2FFD-4C83-8C1D-0CCCC30263F6}.AppStore|Any CPU.ActiveCfg = AppStore|iPhone
		{457F0D8E-2FFD-4C83-8C1D-0CCCC30263F6}.AppStore|ARM.ActiveCfg = AppStore|iPhone
		{457F0D8E-2FFD-4C83-8C1D-0CCCC30263F6}.AppStore|iPhone.ActiveCfg = AppStore|iPhone
		{457F0D8E-2FFD-4C83-8C1D-0CCCC30263F6}.AppStore|iPhone.Build.0 = AppStore|iPhone
		{457F0D8E-2FFD-4C83-8C1D-0CCCC30263F6}.AppStore|iPhoneSimulator.ActiveCfg = AppStore|iPhoneSimulator
		{457F0D8E-2FFD-4C83-8C1D-0CCCC30263F6}.AppStore|iPhoneSimulator.Build.0 = AppStore|iPhoneSimulator
		{457F0D8E-2FFD-4C83-8C1D-0CCCC30263F6}.AppStore|x64.ActiveCfg = AppStore|iPhone
		{457F0D8E-2FFD-4C83-8C1D-0CCCC30263F6}.AppStore|x86.ActiveCfg = AppStore|iPhone
		{457F0D8E-2FFD-4C83-8C1D-0CCCC30263F6}.Debug|Any CPU.ActiveCfg = Debug|iPhone
		{457F0D8E-2FFD-4C83-8C1D-0CCCC30263F6}.Debug|ARM.ActiveCfg = Debug|iPhone
		{457F0D8E-2FFD-4C83-8C1D-0CCCC30263F6}.Debug|iPhone.ActiveCfg = Debug|iPhone
		{457F0D8E-2FFD-4C83-8C1D-0CCCC30263F6}.Debug|iPhone.Build.0 = Debug|iPhone
		{457F0D8E-2FFD-4C83-8C1D-0CCCC30263F6}.Debug|iPhoneSimulator.ActiveCfg = Debug|iPhoneSimulator
		{457F0D8E-2FFD-4C83-8C1D-0CCCC30263F6}.Debug|iPhoneSimulator.Build.0 = Debug|iPhoneSimulator
		{457F0D8E-2FFD-4C83-8C1D-0CCCC30263F6}.Debug|x64.ActiveCfg = Debug|iPhone
		{457F0D8E-2FFD-4C83-8C1D-0CCCC30263F6}.Debug|x86.ActiveCfg = Debug|iPhone
		{457F0D8E-2FFD-4C83-8C1D-0CCCC30263F6}.Release|Any CPU.ActiveCfg = Release|iPhone
		{457F0D8E-2FFD-4C83-8C1D-0CCCC30263F6}.Release|ARM.ActiveCfg = Release|iPhone
		{457F0D8E-2FFD-4C83-8C1D-0CCCC30263F6}.Release|iPhone.ActiveCfg = Release|iPhone
		{457F0D8E-2FFD-4C83-8C1D-0CCCC30263F6}.Release|iPhone.Build.0 = Release|iPhone
		{457F0D8E-2FFD-4C83-8C1D-0CCCC30263F6}.Release|iPhoneSimulator.ActiveCfg = Release|iPhoneSimulator
		{457F0D8E-2FFD-4C83-8C1D-0CCCC30263F6}.Release|iPhoneSimulator.Build.0 = Release|iPhoneSimulator
		{457F0D8E-2FFD-4C83-8C1D-0CCCC30263F6}.Release|x64.ActiveCfg = Release|iPhone
		{457F0D8E-2FFD-4C83-8C1D-0CCCC30263F6}.Release|x86.ActiveCfg = Release|iPhone
		{892BAD93-9C32-4F32-AE4B-3717B3BD22FD}.Ad-Hoc|Any CPU.ActiveCfg = Release|Any CPU
		{892BAD93-9C32-4F32-AE4B-3717B3BD22FD}.Ad-Hoc|Any CPU.Build.0 = Release|Any CPU
		{892BAD93-9C32-4F32-AE4B-3717B3BD22FD}.Ad-Hoc|Any CPU.Deploy.0 = Release|Any CPU
		{892BAD93-9C32-4F32-AE4B-3717B3BD22FD}.Ad-Hoc|ARM.ActiveCfg = Release|ARM
		{892BAD93-9C32-4F32-AE4B-3717B3BD22FD}.Ad-Hoc|ARM.Build.0 = Release|ARM
		{892BAD93-9C32-4F32-AE4B-3717B3BD22FD}.Ad-Hoc|ARM.Deploy.0 = Release|ARM
		{892BAD93-9C32-4F32-AE4B-3717B3BD22FD}.Ad-Hoc|iPhone.ActiveCfg = Release|Any CPU
		{892BAD93-9C32-4F32-AE4B-3717B3BD22FD}.Ad-Hoc|iPhone.Build.0 = Release|Any CPU
		{892BAD93-9C32-4F32-AE4B-3717B3BD22FD}.Ad-Hoc|iPhone.Deploy.0 = Release|Any CPU
		{892BAD93-9C32-4F32-AE4B-3717B3BD22FD}.Ad-Hoc|iPhoneSimulator.ActiveCfg = Release|Any CPU
		{892BAD93-9C32-4F32-AE4B-3717B3BD22FD}.Ad-Hoc|iPhoneSimulator.Build.0 = Release|Any CPU
		{892BAD93-9C32-4F32-AE4B-3717B3BD22FD}.Ad-Hoc|iPhoneSimulator.Deploy.0 = Release|Any CPU
		{892BAD93-9C32-4F32-AE4B-3717B3BD22FD}.Ad-Hoc|x64.ActiveCfg = Release|Any CPU
		{892BAD93-9C32-4F32-AE4B-3717B3BD22FD}.Ad-Hoc|x64.Build.0 = Release|Any CPU
		{892BAD93-9C32-4F32-AE4B-3717B3BD22FD}.Ad-Hoc|x64.Deploy.0 = Release|Any CPU
		{892BAD93-9C32-4F32-AE4B-3717B3BD22FD}.Ad-Hoc|x86.ActiveCfg = Release|x86
		{892BAD93-9C32-4F32-AE4B-3717B3BD22FD}.Ad-Hoc|x86.Build.0 = Release|x86
		{892BAD93-9C32-4F32-AE4B-3717B3BD22FD}.Ad-Hoc|x86.Deploy.0 = Release|x86
		{892BAD93-9C32-4F32-AE4B-3717B3BD22FD}.AppStore|Any CPU.ActiveCfg = Release|Any CPU
		{892BAD93-9C32-4F32-AE4B-3717B3BD22FD}.AppStore|Any CPU.Build.0 = Release|Any CPU
		{892BAD93-9C32-4F32-AE4B-3717B3BD22FD}.AppStore|Any CPU.Deploy.0 = Release|Any CPU
		{892BAD93-9C32-4F32-AE4B-3717B3BD22FD}.AppStore|ARM.ActiveCfg = Release|ARM
		{892BAD93-9C32-4F32-AE4B-3717B3BD22FD}.AppStore|ARM.Build.0 = Release|ARM
		{892BAD93-9C32-4F32-AE4B-3717B3BD22FD}.AppStore|ARM.Deploy.0 = Release|ARM
		{892BAD93-9C32-4F32-AE4B-3717B3BD22FD}.AppStore|iPhone.ActiveCfg = Release|Any CPU
		{892BAD93-9C32-4F32-AE4B-3717B3BD22FD}.AppStore|iPhone.Build.0 = Release|Any CPU
		{892BAD93-9C32-4F32-AE4B-3717B3BD22FD}.AppStore|iPhone.Deploy.0 = Release|Any CPU
		{892BAD93-9C32-4F32-AE4B-3717B3BD22FD}.AppStore|iPhoneSimulator.ActiveCfg = Release|Any CPU
		{892BAD93-9C32-4F32-AE4B-3717B3BD22FD}.AppStore|iPhoneSimulator.Build.0 = Release|Any CPU
		{892BAD93-9C32-4F32-AE4B-3717B3BD22FD}.AppStore|iPhoneSimulator.Deploy.0 = Release|Any CPU
		{892BAD93-9C32-4F32-AE4B-3717B3BD22FD}.AppStore|x64.ActiveCfg = Release|Any CPU
		{892BAD93-9C32-4F32-AE4B-3717B3BD22FD}.AppStore|x64.Build.0 = Release|Any CPU
		{892BAD93-9C32-4F32-AE4B-3717B3BD22FD}.AppStore|x64.Deploy.0 = Release|Any CPU
		{892BAD93-9C32-4F32-AE4B-3717B3BD22FD}.AppStore|x86.ActiveCfg = Release|x86
		{892BAD93-9C32-4F32-AE4B-3717B3BD22FD}.AppStore|x86.Build.0 = Release|x86
		{892BAD93-9C32-4F32-AE4B-3717B3BD22FD}.AppStore|x86.Deploy.0 = Release|x86
		{892BAD93-9C32-4F32-AE4B-3717B3BD22FD}.Debug|Any CPU.ActiveCfg = Debug|Any CPU
		{892BAD93-9C32-4F32-AE4B-3717B3BD22FD}.Debug|Any CPU.Build.0 = Debug|Any CPU
		{892BAD93-9C32-4F32-AE4B-3717B3BD22FD}.Debug|Any CPU.Deploy.0 = Debug|Any CPU
		{892BAD93-9C32-4F32-AE4B-3717B3BD22FD}.Debug|ARM.ActiveCfg = Debug|ARM
		{892BAD93-9C32-4F32-AE4B-3717B3BD22FD}.Debug|ARM.Build.0 = Debug|ARM
		{892BAD93-9C32-4F32-AE4B-3717B3BD22FD}.Debug|ARM.Deploy.0 = Debug|ARM
		{892BAD93-9C32-4F32-AE4B-3717B3BD22FD}.Debug|iPhone.ActiveCfg = Debug|Any CPU
		{892BAD93-9C32-4F32-AE4B-3717B3BD22FD}.Debug|iPhone.Build.0 = Debug|Any CPU
		{892BAD93-9C32-4F32-AE4B-3717B3BD22FD}.Debug|iPhone.Deploy.0 = Debug|Any CPU
		{892BAD93-9C32-4F32-AE4B-3717B3BD22FD}.Debug|iPhoneSimulator.ActiveCfg = Debug|Any CPU
		{892BAD93-9C32-4F32-AE4B-3717B3BD22FD}.Debug|iPhoneSimulator.Build.0 = Debug|Any CPU
		{892BAD93-9C32-4F32-AE4B-3717B3BD22FD}.Debug|iPhoneSimulator.Deploy.0 = Debug|Any CPU
		{892BAD93-9C32-4F32-AE4B-3717B3BD22FD}.Debug|x64.ActiveCfg = Debug|Any CPU
		{892BAD93-9C32-4F32-AE4B-3717B3BD22FD}.Debug|x64.Build.0 = Debug|Any CPU
		{892BAD93-9C32-4F32-AE4B-3717B3BD22FD}.Debug|x64.Deploy.0 = Debug|Any CPU
		{892BAD93-9C32-4F32-AE4B-3717B3BD22FD}.Debug|x86.ActiveCfg = Debug|x86
		{892BAD93-9C32-4F32-AE4B-3717B3BD22FD}.Debug|x86.Build.0 = Debug|x86
		{892BAD93-9C32-4F32-AE4B-3717B3BD22FD}.Debug|x86.Deploy.0 = Debug|x86
		{892BAD93-9C32-4F32-AE4B-3717B3BD22FD}.Release|Any CPU.ActiveCfg = Release|Any CPU
		{892BAD93-9C32-4F32-AE4B-3717B3BD22FD}.Release|Any CPU.Build.0 = Release|Any CPU
		{892BAD93-9C32-4F32-AE4B-3717B3BD22FD}.Release|Any CPU.Deploy.0 = Release|Any CPU
		{892BAD93-9C32-4F32-AE4B-3717B3BD22FD}.Release|ARM.ActiveCfg = Release|ARM
		{892BAD93-9C32-4F32-AE4B-3717B3BD22FD}.Release|ARM.Build.0 = Release|ARM
		{892BAD93-9C32-4F32-AE4B-3717B3BD22FD}.Release|ARM.Deploy.0 = Release|ARM
		{892BAD93-9C32-4F32-AE4B-3717B3BD22FD}.Release|iPhone.ActiveCfg = Release|Any CPU
		{892BAD93-9C32-4F32-AE4B-3717B3BD22FD}.Release|iPhone.Build.0 = Release|Any CPU
		{892BAD93-9C32-4F32-AE4B-3717B3BD22FD}.Release|iPhone.Deploy.0 = Release|Any CPU
		{892BAD93-9C32-4F32-AE4B-3717B3BD22FD}.Release|iPhoneSimulator.ActiveCfg = Release|Any CPU
		{892BAD93-9C32-4F32-AE4B-3717B3BD22FD}.Release|iPhoneSimulator.Build.0 = Release|Any CPU
		{892BAD93-9C32-4F32-AE4B-3717B3BD22FD}.Release|iPhoneSimulator.Deploy.0 = Release|Any CPU
		{892BAD93-9C32-4F32-AE4B-3717B3BD22FD}.Release|x64.ActiveCfg = Release|Any CPU
		{892BAD93-9C32-4F32-AE4B-3717B3BD22FD}.Release|x64.Build.0 = Release|Any CPU
		{892BAD93-9C32-4F32-AE4B-3717B3BD22FD}.Release|x64.Deploy.0 = Release|Any CPU
		{892BAD93-9C32-4F32-AE4B-3717B3BD22FD}.Release|x86.ActiveCfg = Release|x86
		{892BAD93-9C32-4F32-AE4B-3717B3BD22FD}.Release|x86.Build.0 = Release|x86
		{892BAD93-9C32-4F32-AE4B-3717B3BD22FD}.Release|x86.Deploy.0 = Release|x86
		{A4AF803E-0BE6-4DEA-910D-1260441BBBF6}.Ad-Hoc|Any CPU.ActiveCfg = Release|Any CPU
		{A4AF803E-0BE6-4DEA-910D-1260441BBBF6}.Ad-Hoc|Any CPU.Build.0 = Release|Any CPU
		{A4AF803E-0BE6-4DEA-910D-1260441BBBF6}.Ad-Hoc|Any CPU.Deploy.0 = Release|Any CPU
		{A4AF803E-0BE6-4DEA-910D-1260441BBBF6}.Ad-Hoc|ARM.ActiveCfg = Release|ARM
		{A4AF803E-0BE6-4DEA-910D-1260441BBBF6}.Ad-Hoc|ARM.Build.0 = Release|ARM
		{A4AF803E-0BE6-4DEA-910D-1260441BBBF6}.Ad-Hoc|ARM.Deploy.0 = Release|ARM
		{A4AF803E-0BE6-4DEA-910D-1260441BBBF6}.Ad-Hoc|iPhone.ActiveCfg = Release|Any CPU
		{A4AF803E-0BE6-4DEA-910D-1260441BBBF6}.Ad-Hoc|iPhone.Build.0 = Release|Any CPU
		{A4AF803E-0BE6-4DEA-910D-1260441BBBF6}.Ad-Hoc|iPhone.Deploy.0 = Release|Any CPU
		{A4AF803E-0BE6-4DEA-910D-1260441BBBF6}.Ad-Hoc|iPhoneSimulator.ActiveCfg = Release|Any CPU
		{A4AF803E-0BE6-4DEA-910D-1260441BBBF6}.Ad-Hoc|iPhoneSimulator.Build.0 = Release|Any CPU
		{A4AF803E-0BE6-4DEA-910D-1260441BBBF6}.Ad-Hoc|iPhoneSimulator.Deploy.0 = Release|Any CPU
		{A4AF803E-0BE6-4DEA-910D-1260441BBBF6}.Ad-Hoc|x64.ActiveCfg = Release|x64
		{A4AF803E-0BE6-4DEA-910D-1260441BBBF6}.Ad-Hoc|x64.Build.0 = Release|x64
		{A4AF803E-0BE6-4DEA-910D-1260441BBBF6}.Ad-Hoc|x64.Deploy.0 = Release|x64
		{A4AF803E-0BE6-4DEA-910D-1260441BBBF6}.Ad-Hoc|x86.ActiveCfg = Release|x86
		{A4AF803E-0BE6-4DEA-910D-1260441BBBF6}.Ad-Hoc|x86.Build.0 = Release|x86
		{A4AF803E-0BE6-4DEA-910D-1260441BBBF6}.Ad-Hoc|x86.Deploy.0 = Release|x86
		{A4AF803E-0BE6-4DEA-910D-1260441BBBF6}.AppStore|Any CPU.ActiveCfg = Release|Any CPU
		{A4AF803E-0BE6-4DEA-910D-1260441BBBF6}.AppStore|Any CPU.Build.0 = Release|Any CPU
		{A4AF803E-0BE6-4DEA-910D-1260441BBBF6}.AppStore|Any CPU.Deploy.0 = Release|Any CPU
		{A4AF803E-0BE6-4DEA-910D-1260441BBBF6}.AppStore|ARM.ActiveCfg = Release|ARM
		{A4AF803E-0BE6-4DEA-910D-1260441BBBF6}.AppStore|ARM.Build.0 = Release|ARM
		{A4AF803E-0BE6-4DEA-910D-1260441BBBF6}.AppStore|ARM.Deploy.0 = Release|ARM
		{A4AF803E-0BE6-4DEA-910D-1260441BBBF6}.AppStore|iPhone.ActiveCfg = Release|Any CPU
		{A4AF803E-0BE6-4DEA-910D-1260441BBBF6}.AppStore|iPhone.Build.0 = Release|Any CPU
		{A4AF803E-0BE6-4DEA-910D-1260441BBBF6}.AppStore|iPhone.Deploy.0 = Release|Any CPU
		{A4AF803E-0BE6-4DEA-910D-1260441BBBF6}.AppStore|iPhoneSimulator.ActiveCfg = Release|Any CPU
		{A4AF803E-0BE6-4DEA-910D-1260441BBBF6}.AppStore|iPhoneSimulator.Build.0 = Release|Any CPU
		{A4AF803E-0BE6-4DEA-910D-1260441BBBF6}.AppStore|iPhoneSimulator.Deploy.0 = Release|Any CPU
		{A4AF803E-0BE6-4DEA-910D-1260441BBBF6}.AppStore|x64.ActiveCfg = Release|x64
		{A4AF803E-0BE6-4DEA-910D-1260441BBBF6}.AppStore|x64.Build.0 = Release|x64
		{A4AF803E-0BE6-4DEA-910D-1260441BBBF6}.AppStore|x64.Deploy.0 = Release|x64
		{A4AF803E-0BE6-4DEA-910D-1260441BBBF6}.AppStore|x86.ActiveCfg = Release|x86
		{A4AF803E-0BE6-4DEA-910D-1260441BBBF6}.AppStore|x86.Build.0 = Release|x86
		{A4AF803E-0BE6-4DEA-910D-1260441BBBF6}.AppStore|x86.Deploy.0 = Release|x86
		{A4AF803E-0BE6-4DEA-910D-1260441BBBF6}.Debug|Any CPU.ActiveCfg = Debug|Any CPU
		{A4AF803E-0BE6-4DEA-910D-1260441BBBF6}.Debug|Any CPU.Build.0 = Debug|Any CPU
		{A4AF803E-0BE6-4DEA-910D-1260441BBBF6}.Debug|Any CPU.Deploy.0 = Debug|Any CPU
		{A4AF803E-0BE6-4DEA-910D-1260441BBBF6}.Debug|ARM.ActiveCfg = Debug|ARM
		{A4AF803E-0BE6-4DEA-910D-1260441BBBF6}.Debug|ARM.Build.0 = Debug|ARM
		{A4AF803E-0BE6-4DEA-910D-1260441BBBF6}.Debug|ARM.Deploy.0 = Debug|ARM
		{A4AF803E-0BE6-4DEA-910D-1260441BBBF6}.Debug|iPhone.ActiveCfg = Debug|Any CPU
		{A4AF803E-0BE6-4DEA-910D-1260441BBBF6}.Debug|iPhone.Build.0 = Debug|Any CPU
		{A4AF803E-0BE6-4DEA-910D-1260441BBBF6}.Debug|iPhone.Deploy.0 = Debug|Any CPU
		{A4AF803E-0BE6-4DEA-910D-1260441BBBF6}.Debug|iPhoneSimulator.ActiveCfg = Debug|Any CPU
		{A4AF803E-0BE6-4DEA-910D-1260441BBBF6}.Debug|iPhoneSimulator.Build.0 = Debug|Any CPU
		{A4AF803E-0BE6-4DEA-910D-1260441BBBF6}.Debug|iPhoneSimulator.Deploy.0 = Debug|Any CPU
		{A4AF803E-0BE6-4DEA-910D-1260441BBBF6}.Debug|x64.ActiveCfg = Debug|x64
		{A4AF803E-0BE6-4DEA-910D-1260441BBBF6}.Debug|x64.Build.0 = Debug|x64
		{A4AF803E-0BE6-4DEA-910D-1260441BBBF6}.Debug|x64.Deploy.0 = Debug|x64
		{A4AF803E-0BE6-4DEA-910D-1260441BBBF6}.Debug|x86.ActiveCfg = Debug|x86
		{A4AF803E-0BE6-4DEA-910D-1260441BBBF6}.Debug|x86.Build.0 = Debug|x86
		{A4AF803E-0BE6-4DEA-910D-1260441BBBF6}.Debug|x86.Deploy.0 = Debug|x86
		{A4AF803E-0BE6-4DEA-910D-1260441BBBF6}.Release|Any CPU.ActiveCfg = Release|Any CPU
		{A4AF803E-0BE6-4DEA-910D-1260441BBBF6}.Release|Any CPU.Build.0 = Release|Any CPU
		{A4AF803E-0BE6-4DEA-910D-1260441BBBF6}.Release|Any CPU.Deploy.0 = Release|Any CPU
		{A4AF803E-0BE6-4DEA-910D-1260441BBBF6}.Release|ARM.ActiveCfg = Release|ARM
		{A4AF803E-0BE6-4DEA-910D-1260441BBBF6}.Release|ARM.Build.0 = Release|ARM
		{A4AF803E-0BE6-4DEA-910D-1260441BBBF6}.Release|ARM.Deploy.0 = Release|ARM
		{A4AF803E-0BE6-4DEA-910D-1260441BBBF6}.Release|iPhone.ActiveCfg = Release|Any CPU
		{A4AF803E-0BE6-4DEA-910D-1260441BBBF6}.Release|iPhone.Build.0 = Release|Any CPU
		{A4AF803E-0BE6-4DEA-910D-1260441BBBF6}.Release|iPhone.Deploy.0 = Release|Any CPU
		{A4AF803E-0BE6-4DEA-910D-1260441BBBF6}.Release|iPhoneSimulator.ActiveCfg = Release|Any CPU
		{A4AF803E-0BE6-4DEA-910D-1260441BBBF6}.Release|iPhoneSimulator.Build.0 = Release|Any CPU
		{A4AF803E-0BE6-4DEA-910D-1260441BBBF6}.Release|iPhoneSimulator.Deploy.0 = Release|Any CPU
		{A4AF803E-0BE6-4DEA-910D-1260441BBBF6}.Release|x64.ActiveCfg = Release|x64
		{A4AF803E-0BE6-4DEA-910D-1260441BBBF6}.Release|x64.Build.0 = Release|x64
		{A4AF803E-0BE6-4DEA-910D-1260441BBBF6}.Release|x64.Deploy.0 = Release|x64
		{A4AF803E-0BE6-4DEA-910D-1260441BBBF6}.Release|x86.ActiveCfg = Release|x86
		{A4AF803E-0BE6-4DEA-910D-1260441BBBF6}.Release|x86.Build.0 = Release|x86
		{A4AF803E-0BE6-4DEA-910D-1260441BBBF6}.Release|x86.Deploy.0 = Release|x86
	EndGlobalSection
	GlobalSection(SolutionProperties) = preSolution
		HideSolutionNode = FALSE
	EndGlobalSection
EndGlobal
